
Microsoft Visual Studio Solution File, Format Version 12.00
# Visual Studio 15
VisualStudioVersion = 15.0.27428.2002
MinimumVisualStudioVersion = 10.0.40219.1
Project("{FAE04EC0-301F-11D3-BF4B-00C04F79EFBC}") = "Sitecore.Scientist.Forms", "Sitecore.Scientist.Forms\Sitecore.Scientist.Forms.csproj", "{5698549E-8BAF-4616-B649-92F5A72541DA}"
EndProject
Global
	GlobalSection(SolutionConfigurationPlatforms) = preSolution
		Debug|Any CPU = Debug|Any CPU
		Release|Any CPU = Release|Any CPU
	EndGlobalSection
	GlobalSection(ProjectConfigurationPlatforms) = postSolution
		{5698549E-8BAF-4616-B649-92F5A72541DA}.Debug|Any CPU.ActiveCfg = Debug|Any CPU
		{5698549E-8BAF-4616-B649-92F5A72541DA}.Debug|Any CPU.Build.0 = Debug|Any CPU
		{5698549E-8BAF-4616-B649-92F5A72541DA}.Release|Any CPU.ActiveCfg = Release|Any CPU
		{5698549E-8BAF-4616-B649-92F5A72541DA}.Release|Any CPU.Build.0 = Release|Any CPU
	EndGlobalSection
	GlobalSection(SolutionProperties) = preSolution
		HideSolutionNode = FALSE
	EndGlobalSection
	GlobalSection(ExtensibilityGlobals) = postSolution
		SolutionGuid = {7D1446E1-0A51-421A-850F-A4CE3C9B93AA}
	EndGlobalSection
EndGlobal
